// !$*UTF8*$!
{
	archiveVersion = 1;
	classes = {
	};
	objectVersion = 48;
	objects = {

/* Begin PBXBuildFile section */
		7448E0096E18E329CF1E9203 /* Pods_To_Do_List.framework in Frameworks */ = {isa = PBXBuildFile; fileRef = 2F1F8435441553E8B74B9B65 /* Pods_To_Do_List.framework */; };
		8ABE28D9200D9FCF006176DD /* CategoryViewController.swift in Sources */ = {isa = PBXBuildFile; fileRef = 8ABE28D8200D9FCF006176DD /* CategoryViewController.swift */; };
		8AC737F2200EEBCF005A40DE /* Item.swift in Sources */ = {isa = PBXBuildFile; fileRef = 8AC737F1200EEBCF005A40DE /* Item.swift */; };
		8AC737F4200EEBD5005A40DE /* Category.swift in Sources */ = {isa = PBXBuildFile; fileRef = 8AC737F3200EEBD5005A40DE /* Category.swift */; };
		8AC737F6200F19E3005A40DE /* SwipeTableViewController.swift in Sources */ = {isa = PBXBuildFile; fileRef = 8AC737F5200F19E3005A40DE /* SwipeTableViewController.swift */; };
		8AFD615D200B6CC200D386B4 /* AppDelegate.swift in Sources */ = {isa = PBXBuildFile; fileRef = 8AFD615C200B6CC200D386B4 /* AppDelegate.swift */; };
		8AFD615F200B6CC200D386B4 /* ToDoViewController.swift in Sources */ = {isa = PBXBuildFile; fileRef = 8AFD615E200B6CC200D386B4 /* ToDoViewController.swift */; };
		8AFD6162200B6CC200D386B4 /* Main.storyboard in Resources */ = {isa = PBXBuildFile; fileRef = 8AFD6160200B6CC200D386B4 /* Main.storyboard */; };
		8AFD6164200B6CC200D386B4 /* Assets.xcassets in Resources */ = {isa = PBXBuildFile; fileRef = 8AFD6163200B6CC200D386B4 /* Assets.xcassets */; };
		8AFD6167200B6CC200D386B4 /* LaunchScreen.storyboard in Resources */ = {isa = PBXBuildFile; fileRef = 8AFD6165200B6CC200D386B4 /* LaunchScreen.storyboard */; };
/* End PBXBuildFile section */

/* Begin PBXFileReference section */
		2F1F8435441553E8B74B9B65 /* Pods_To_Do_List.framework */ = {isa = PBXFileReference; explicitFileType = wrapper.framework; includeInIndex = 0; path = Pods_To_Do_List.framework; sourceTree = BUILT_PRODUCTS_DIR; };
		4E79E8BAF3A95C4F675A32A0 /* Pods-To-Do List.release.xcconfig */ = {isa = PBXFileReference; includeInIndex = 1; lastKnownFileType = text.xcconfig; name = "Pods-To-Do List.release.xcconfig"; path = "Pods/Target Support Files/Pods-To-Do List/Pods-To-Do List.release.xcconfig"; sourceTree = "<group>"; };
		7B948AB97213173446207437 /* Pods-To-Do List.debug.xcconfig */ = {isa = PBXFileReference; includeInIndex = 1; lastKnownFileType = text.xcconfig; name = "Pods-To-Do List.debug.xcconfig"; path = "Pods/Target Support Files/Pods-To-Do List/Pods-To-Do List.debug.xcconfig"; sourceTree = "<group>"; };
		8ABE28D8200D9FCF006176DD /* CategoryViewController.swift */ = {isa = PBXFileReference; lastKnownFileType = sourcecode.swift; path = CategoryViewController.swift; sourceTree = "<group>"; };
		8AC737F1200EEBCF005A40DE /* Item.swift */ = {isa = PBXFileReference; lastKnownFileType = sourcecode.swift; path = Item.swift; sourceTree = "<group>"; };
		8AC737F3200EEBD5005A40DE /* Category.swift */ = {isa = PBXFileReference; lastKnownFileType = sourcecode.swift; path = Category.swift; sourceTree = "<group>"; };
		8AC737F5200F19E3005A40DE /* SwipeTableViewController.swift */ = {isa = PBXFileReference; lastKnownFileType = sourcecode.swift; path = SwipeTableViewController.swift; sourceTree = "<group>"; };
		8AFD6159200B6CC200D386B4 /* To-Do List.app */ = {isa = PBXFileReference; explicitFileType = wrapper.application; includeInIndex = 0; path = "To-Do List.app"; sourceTree = BUILT_PRODUCTS_DIR; };
		8AFD615C200B6CC200D386B4 /* AppDelegate.swift */ = {isa = PBXFileReference; lastKnownFileType = sourcecode.swift; path = AppDelegate.swift; sourceTree = "<group>"; };
		8AFD615E200B6CC200D386B4 /* ToDoViewController.swift */ = {isa = PBXFileReference; lastKnownFileType = sourcecode.swift; path = ToDoViewController.swift; sourceTree = "<group>"; };
		8AFD6161200B6CC200D386B4 /* Base */ = {isa = PBXFileReference; lastKnownFileType = file.storyboard; name = Base; path = Base.lproj/Main.storyboard; sourceTree = "<group>"; };
		8AFD6163200B6CC200D386B4 /* Assets.xcassets */ = {isa = PBXFileReference; lastKnownFileType = folder.assetcatalog; path = Assets.xcassets; sourceTree = "<group>"; };
		8AFD6166200B6CC200D386B4 /* Base */ = {isa = PBXFileReference; lastKnownFileType = file.storyboard; name = Base; path = Base.lproj/LaunchScreen.storyboard; sourceTree = "<group>"; };
		8AFD6168200B6CC200D386B4 /* Info.plist */ = {isa = PBXFileReference; lastKnownFileType = text.plist.xml; path = Info.plist; sourceTree = "<group>"; };
/* End PBXFileReference section */

/* Begin PBXFrameworksBuildPhase section */
		8AFD6156200B6CC200D386B4 /* Frameworks */ = {
			isa = PBXFrameworksBuildPhase;
			buildActionMask = 2147483647;
			files = (
				7448E0096E18E329CF1E9203 /* Pods_To_Do_List.framework in Frameworks */,
			);
			runOnlyForDeploymentPostprocessing = 0;
		};
/* End PBXFrameworksBuildPhase section */

/* Begin PBXGroup section */
		24691AAF5880205F6CD9BA52 /* Pods */ = {
			isa = PBXGroup;
			children = (
				7B948AB97213173446207437 /* Pods-To-Do List.debug.xcconfig */,
				4E79E8BAF3A95C4F675A32A0 /* Pods-To-Do List.release.xcconfig */,
			);
			name = Pods;
			sourceTree = "<group>";
		};
		8AFD6150200B6CC200D386B4 = {
			isa = PBXGroup;
			children = (
				8AFD615B200B6CC200D386B4 /* To-Do List */,
				8AFD615A200B6CC200D386B4 /* Products */,
				24691AAF5880205F6CD9BA52 /* Pods */,
				AE92138698051CABA7D45614 /* Frameworks */,
			);
			sourceTree = "<group>";
		};
		8AFD615A200B6CC200D386B4 /* Products */ = {
			isa = PBXGroup;
			children = (
				8AFD6159200B6CC200D386B4 /* To-Do List.app */,
			);
			name = Products;
			sourceTree = "<group>";
		};
		8AFD615B200B6CC200D386B4 /* To-Do List */ = {
			isa = PBXGroup;
			children = (
				8AFD615C200B6CC200D386B4 /* AppDelegate.swift */,
				8AFD6172200C6D1300D386B4 /* Controller */,
				8AFD6171200C6D0800D386B4 /* Data Model */,
				8AFD6173200C6D1F00D386B4 /* View */,
				8AFD6174200C6D2C00D386B4 /* Supporting Files */,
				8AFD6168200B6CC200D386B4 /* Info.plist */,
			);
			path = "To-Do List";
			sourceTree = "<group>";
		};
		8AFD6171200C6D0800D386B4 /* Data Model */ = {
			isa = PBXGroup;
			children = (
				8AC737F3200EEBD5005A40DE /* Category.swift */,
				8AC737F1200EEBCF005A40DE /* Item.swift */,
			);
			name = "Data Model";
			sourceTree = "<group>";
		};
		8AFD6172200C6D1300D386B4 /* Controller */ = {
			isa = PBXGroup;
			children = (
				8ABE28D8200D9FCF006176DD /* CategoryViewController.swift */,
				8AFD615E200B6CC200D386B4 /* ToDoViewController.swift */,
				8AC737F5200F19E3005A40DE /* SwipeTableViewController.swift */,
			);
			name = Controller;
			sourceTree = "<group>";
		};
		8AFD6173200C6D1F00D386B4 /* View */ = {
			isa = PBXGroup;
			children = (
				8AFD6160200B6CC200D386B4 /* Main.storyboard */,
			);
			name = View;
			sourceTree = "<group>";
		};
		8AFD6174200C6D2C00D386B4 /* Supporting Files */ = {
			isa = PBXGroup;
			children = (
				8AFD6163200B6CC200D386B4 /* Assets.xcassets */,
				8AFD6165200B6CC200D386B4 /* LaunchScreen.storyboard */,
			);
			name = "Supporting Files";
			sourceTree = "<group>";
		};
		AE92138698051CABA7D45614 /* Frameworks */ = {
			isa = PBXGroup;
			children = (
				2F1F8435441553E8B74B9B65 /* Pods_To_Do_List.framework */,
			);
			name = Frameworks;
			sourceTree = "<group>";
		};
/* End PBXGroup section */

/* Begin PBXNativeTarget section */
		8AFD6158200B6CC200D386B4 /* To-Do List */ = {
			isa = PBXNativeTarget;
			buildConfigurationList = 8AFD616B200B6CC200D386B4 /* Build configuration list for PBXNativeTarget "To-Do List" */;
			buildPhases = (
				63780F312CF0FEFB90704243 /* [CP] Check Pods Manifest.lock */,
				8AFD6155200B6CC200D386B4 /* Sources */,
				8AFD6156200B6CC200D386B4 /* Frameworks */,
				8AFD6157200B6CC200D386B4 /* Resources */,
				3914379E9102A8D21F7D9B50 /* [CP] Embed Pods Frameworks */,
				C6CFC180198415CEEBB22A2D /* [CP] Copy Pods Resources */,
			);
			buildRules = (
			);
			dependencies = (
			);
			name = "To-Do List";
			productName = "To-Do List";
			productReference = 8AFD6159200B6CC200D386B4 /* To-Do List.app */;
			productType = "com.apple.product-type.application";
		};
/* End PBXNativeTarget section */

/* Begin PBXProject section */
		8AFD6151200B6CC200D386B4 /* Project object */ = {
			isa = PBXProject;
			attributes = {
				LastSwiftUpdateCheck = 0920;
				LastUpgradeCheck = 0920;
				ORGANIZATIONNAME = "Thomas Focareta";
				TargetAttributes = {
					8AFD6158200B6CC200D386B4 = {
						CreatedOnToolsVersion = 9.2;
						ProvisioningStyle = Automatic;
					};
				};
			};
			buildConfigurationList = 8AFD6154200B6CC200D386B4 /* Build configuration list for PBXProject "To-Do List" */;
			compatibilityVersion = "Xcode 8.0";
			developmentRegion = en;
			hasScannedForEncodings = 0;
			knownRegions = (
				en,
				Base,
			);
			mainGroup = 8AFD6150200B6CC200D386B4;
			productRefGroup = 8AFD615A200B6CC200D386B4 /* Products */;
			projectDirPath = "";
			projectRoot = "";
			targets = (
				8AFD6158200B6CC200D386B4 /* To-Do List */,
			);
		};
/* End PBXProject section */

/* Begin PBXResourcesBuildPhase section */
		8AFD6157200B6CC200D386B4 /* Resources */ = {
			isa = PBXResourcesBuildPhase;
			buildActionMask = 2147483647;
			files = (
				8AFD6167200B6CC200D386B4 /* LaunchScreen.storyboard in Resources */,
				8AFD6164200B6CC200D386B4 /* Assets.xcassets in Resources */,
				8AFD6162200B6CC200D386B4 /* Main.storyboard in Resources */,
			);
			runOnlyForDeploymentPostprocessing = 0;
		};
/* End PBXResourcesBuildPhase section */

/* Begin PBXShellScriptBuildPhase section */
		3914379E9102A8D21F7D9B50 /* [CP] Embed Pods Frameworks */ = {
			isa = PBXShellScriptBuildPhase;
			buildActionMask = 2147483647;
			files = (
			);
			inputPaths = (
				"${SRCROOT}/Pods/Target Support Files/Pods-To-Do List/Pods-To-Do List-frameworks.sh",
				"${BUILT_PRODUCTS_DIR}/Realm/Realm.framework",
				"${BUILT_PRODUCTS_DIR}/RealmSwift/RealmSwift.framework",
			);
			name = "[CP] Embed Pods Frameworks";
			outputPaths = (
				"${TARGET_BUILD_DIR}/${FRAMEWORKS_FOLDER_PATH}/Realm.framework",
				"${TARGET_BUILD_DIR}/${FRAMEWORKS_FOLDER_PATH}/RealmSwift.framework",
			);
			runOnlyForDeploymentPostprocessing = 0;
			shellPath = /bin/sh;
			shellScript = "\"${SRCROOT}/Pods/Target Support Files/Pods-To-Do List/Pods-To-Do List-frameworks.sh\"\n";
			showEnvVarsInLog = 0;
		};
		63780F312CF0FEFB90704243 /* [CP] Check Pods Manifest.lock */ = {
			isa = PBXShellScriptBuildPhase;
			buildActionMask = 2147483647;
			files = (
			);
			inputPaths = (
				"${PODS_PODFILE_DIR_PATH}/Podfile.lock",
				"${PODS_ROOT}/Manifest.lock",
			);
			name = "[CP] Check Pods Manifest.lock";
			outputPaths = (
				"$(DERIVED_FILE_DIR)/Pods-To-Do List-checkManifestLockResult.txt",
			);
			runOnlyForDeploymentPostprocessing = 0;
			shellPath = /bin/sh;
			shellScript = "diff \"${PODS_PODFILE_DIR_PATH}/Podfile.lock\" \"${PODS_ROOT}/Manifest.lock\" > /dev/null\nif [ $? != 0 ] ; then\n    # print error to STDERR\n    echo \"error: The sandbox is not in sync with the Podfile.lock. Run 'pod install' or update your CocoaPods installation.\" >&2\n    exit 1\nfi\n# This output is used by Xcode 'outputs' to avoid re-running this script phase.\necho \"SUCCESS\" > \"${SCRIPT_OUTPUT_FILE_0}\"\n";
			showEnvVarsInLog = 0;
		};
		C6CFC180198415CEEBB22A2D /* [CP] Copy Pods Resources */ = {
			isa = PBXShellScriptBuildPhase;
			buildActionMask = 2147483647;
			files = (
			);
			inputPaths = (
			);
			name = "[CP] Copy Pods Resources";
			outputPaths = (
			);
			runOnlyForDeploymentPostprocessing = 0;
			shellPath = /bin/sh;
			shellScript = "\"${SRCROOT}/Pods/Target Support Files/Pods-To-Do List/Pods-To-Do List-resources.sh\"\n";
			showEnvVarsInLog = 0;
		};
/* End PBXShellScriptBuildPhase section */

/* Begin PBXSourcesBuildPhase section */
		8AFD6155200B6CC200D386B4 /* Sources */ = {
			isa = PBXSourcesBuildPhase;
			buildActionMask = 2147483647;
			files = (
				8AC737F2200EEBCF005A40DE /* Item.swift in Sources */,
				8AFD615F200B6CC200D386B4 /* ToDoViewController.swift in Sources */,
				8ABE28D9200D9FCF006176DD /* CategoryViewController.swift in Sources */,
				8AFD615D200B6CC200D386B4 /* AppDelegate.swift in Sources */,
				8AC737F6200F19E3005A40DE /* SwipeTableViewController.swift in Sources */,
				8AC737F4200EEBD5005A40DE /* Category.swift in Sources */,
			);
			runOnlyForDeploymentPostprocessing = 0;
		};
/* End PBXSourcesBuildPhase section */

/* Begin PBXVariantGroup section */
		8AFD6160200B6CC200D386B4 /* Main.storyboard */ = {
			isa = PBXVariantGroup;
			children = (
				8AFD6161200B6CC200D386B4 /* Base */,
			);
			name = Main.storyboard;
			sourceTree = "<group>";
		};
		8AFD6165200B6CC200D386B4 /* LaunchScreen.storyboard */ = {
			isa = PBXVariantGroup;
			children = (
				8AFD6166200B6CC200D386B4 /* Base */,
			);
			name = LaunchScreen.storyboard;
			sourceTree = "<group>";
		};
/* End PBXVariantGroup section */

/* Begin XCBuildConfiguration section */
		8AFD6169200B6CC200D386B4 /* Debug */ = {
			isa = XCBuildConfiguration;
			buildSettings = {
				ALWAYS_SEARCH_USER_PATHS = NO;
				CLANG_ANALYZER_NONNULL = YES;
				CLANG_ANALYZER_NUMBER_OBJECT_CONVERSION = YES_AGGRESSIVE;
				CLANG_CXX_LANGUAGE_STANDARD = "gnu++14";
				CLANG_CXX_LIBRARY = "libc++";
				CLANG_ENABLE_MODULES = YES;
				CLANG_ENABLE_OBJC_ARC = YES;
				CLANG_WARN_BLOCK_CAPTURE_AUTORELEASING = YES;
				CLANG_WARN_BOOL_CONVERSION = YES;
				CLANG_WARN_COMMA = YES;
				CLANG_WARN_CONSTANT_CONVERSION = YES;
				CLANG_WARN_DIRECT_OBJC_ISA_USAGE = YES_ERROR;
				CLANG_WARN_DOCUMENTATION_COMMENTS = YES;
				CLANG_WARN_EMPTY_BODY = YES;
				CLANG_WARN_ENUM_CONVERSION = YES;
				CLANG_WARN_INFINITE_RECURSION = YES;
				CLANG_WARN_INT_CONVERSION = YES;
				CLANG_WARN_NON_LITERAL_NULL_CONVERSION = YES;
				CLANG_WARN_OBJC_LITERAL_CONVERSION = YES;
				CLANG_WARN_OBJC_ROOT_CLASS = YES_ERROR;
				CLANG_WARN_RANGE_LOOP_ANALYSIS = YES;
				CLANG_WARN_STRICT_PROTOTYPES = YES;
				CLANG_WARN_SUSPICIOUS_MOVE = YES;
				CLANG_WARN_UNGUARDED_AVAILABILITY = YES_AGGRESSIVE;
				CLANG_WARN_UNREACHABLE_CODE = YES;
				CLANG_WARN__DUPLICATE_METHOD_MATCH = YES;
				CODE_SIGN_IDENTITY = "iPhone Developer";
				COPY_PHASE_STRIP = NO;
				DEBUG_INFORMATION_FORMAT = dwarf;
				ENABLE_STRICT_OBJC_MSGSEND = YES;
				ENABLE_TESTABILITY = YES;
				GCC_C_LANGUAGE_STANDARD = gnu11;
				GCC_DYNAMIC_NO_PIC = NO;
				GCC_NO_COMMON_BLOCKS = YES;
				GCC_OPTIMIZATION_LEVEL = 0;
				GCC_PREPROCESSOR_DEFINITIONS = (
					"DEBUG=1",
					"$(inherited)",
				);
				GCC_WARN_64_TO_32_BIT_CONVERSION = YES;
				GCC_WARN_ABOUT_RETURN_TYPE = YES_ERROR;
				GCC_WARN_UNDECLARED_SELECTOR = YES;
				GCC_WARN_UNINITIALIZED_AUTOS = YES_AGGRESSIVE;
				GCC_WARN_UNUSED_FUNCTION = YES;
				GCC_WARN_UNUSED_VARIABLE = YES;
				IPHONEOS_DEPLOYMENT_TARGET = 11.2;
				MTL_ENABLE_DEBUG_INFO = YES;
				ONLY_ACTIVE_ARCH = YES;
				SDKROOT = iphoneos;
				SWIFT_ACTIVE_COMPILATION_CONDITIONS = DEBUG;
				SWIFT_OPTIMIZATION_LEVEL = "-Onone";
			};
			name = Debug;
		};
		8AFD616A200B6CC200D386B4 /* Release */ = {
			isa = XCBuildConfiguration;
			buildSettings = {
				ALWAYS_SEARCH_USER_PATHS = NO;
				CLANG_ANALYZER_NONNULL = YES;
				CLANG_ANALYZER_NUMBER_OBJECT_CONVERSION = YES_AGGRESSIVE;
				CLANG_CXX_LANGUAGE_STANDARD = "gnu++14";
				CLANG_CXX_LIBRARY = "libc++";
				CLANG_ENABLE_MODULES = YES;
				CLANG_ENABLE_OBJC_ARC = YES;
				CLANG_WARN_BLOCK_CAPTURE_AUTORELEASING = YES;
				CLANG_WARN_BOOL_CONVERSION = YES;
				CLANG_WARN_COMMA = YES;
				CLANG_WARN_CONSTANT_CONVERSION = YES;
				CLANG_WARN_DIRECT_OBJC_ISA_USAGE = YES_ERROR;
				CLANG_WARN_DOCUMENTATION_COMMENTS = YES;
				CLANG_WARN_EMPTY_BODY = YES;
				CLANG_WARN_ENUM_CONVERSION = YES;
				CLANG_WARN_INFINITE_RECURSION = YES;
				CLANG_WARN_INT_CONVERSION = YES;
				CLANG_WARN_NON_LITERAL_NULL_CONVERSION = YES;
				CLANG_WARN_OBJC_LITERAL_CONVERSION = YES;
				CLANG_WARN_OBJC_ROOT_CLASS = YES_ERROR;
				CLANG_WARN_RANGE_LOOP_ANALYSIS = YES;
				CLANG_WARN_STRICT_PROTOTYPES = YES;
				CLANG_WARN_SUSPICIOUS_MOVE = YES;
				CLANG_WARN_UNGUARDED_AVAILABILITY = YES_AGGRESSIVE;
				CLANG_WARN_UNREACHABLE_CODE = YES;
				CLANG_WARN__DUPLICATE_METHOD_MATCH = YES;
				CODE_SIGN_IDENTITY = "iPhone Developer";
				COPY_PHASE_STRIP = NO;
				DEBUG_INFORMATION_FORMAT = "dwarf-with-dsym";
				ENABLE_NS_ASSERTIONS = NO;
				ENABLE_STRICT_OBJC_MSGSEND = YES;
				GCC_C_LANGUAGE_STANDARD = gnu11;
				GCC_NO_COMMON_BLOCKS = YES;
				GCC_WARN_64_TO_32_BIT_CONVERSION = YES;
				GCC_WARN_ABOUT_RETURN_TYPE = YES_ERROR;
				GCC_WARN_UNDECLARED_SELECTOR = YES;
				GCC_WARN_UNINITIALIZED_AUTOS = YES_AGGRESSIVE;
				GCC_WARN_UNUSED_FUNCTION = YES;
				GCC_WARN_UNUSED_VARIABLE = YES;
				IPHONEOS_DEPLOYMENT_TARGET = 11.2;
				MTL_ENABLE_DEBUG_INFO = NO;
				SDKROOT = iphoneos;
				SWIFT_OPTIMIZATION_LEVEL = "-Owholemodule";
				VALIDATE_PRODUCT = YES;
			};
			name = Release;
		};
		8AFD616C200B6CC200D386B4 /* Debug */ = {
			isa = XCBuildConfiguration;
			baseConfigurationReference = 7B948AB97213173446207437 /* Pods-To-Do List.debug.xcconfig */;
			buildSettings = {
				ASSETCATALOG_COMPILER_APPICON_NAME = AppIcon;
				CODE_SIGN_STYLE = Automatic;
				DEVELOPMENT_TEAM = 8PM895P3LS;
				INFOPLIST_FILE = "To-Do List/Info.plist";
				LD_RUNPATH_SEARCH_PATHS = "$(inherited) @executable_path/Frameworks";
				PRODUCT_BUNDLE_IDENTIFIER = "com.thomasfocareta.To-Do-List";
				PRODUCT_NAME = "$(TARGET_NAME)";
				SWIFT_VERSION = 4.0;
				TARGETED_DEVICE_FAMILY = "1,2";
			};
			name = Debug;
		};
		8AFD616D200B6CC200D386B4 /* Release */ = {
			isa = XCBuildConfiguration;
			baseConfigurationReference = 4E79E8BAF3A95C4F675A32A0 /* Pods-To-Do List.release.xcconfig */;
			buildSettings = {
				ASSETCATALOG_COMPILER_APPICON_NAME = AppIcon;
				CODE_SIGN_STYLE = Automatic;
				DEVELOPMENT_TEAM = 8PM895P3LS;
				INFOPLIST_FILE = "To-Do List/Info.plist";
				LD_RUNPATH_SEARCH_PATHS = "$(inherited) @executable_path/Frameworks";
				PRODUCT_BUNDLE_IDENTIFIER = "com.thomasfocareta.To-Do-List";
				PRODUCT_NAME = "$(TARGET_NAME)";
				SWIFT_VERSION = 4.0;
				TARGETED_DEVICE_FAMILY = "1,2";
			};
			name = Release;
		};
/* End XCBuildConfiguration section */

/* Begin XCConfigurationList section */
		8AFD6154200B6CC200D386B4 /* Build configuration list for PBXProject "To-Do List" */ = {
			isa = XCConfigurationList;
			buildConfigurations = (
				8AFD6169200B6CC200D386B4 /* Debug */,
				8AFD616A200B6CC200D386B4 /* Release */,
			);
			defaultConfigurationIsVisible = 0;
			defaultConfigurationName = Release;
		};
		8AFD616B200B6CC200D386B4 /* Build configuration list for PBXNativeTarget "To-Do List" */ = {
			isa = XCConfigurationList;
			buildConfigurations = (
				8AFD616C200B6CC200D386B4 /* Debug */,
				8AFD616D200B6CC200D386B4 /* Release */,
			);
			defaultConfigurationIsVisible = 0;
			defaultConfigurationName = Release;
		};
/* End XCConfigurationList section */
	};
	rootObject = 8AFD6151200B6CC200D386B4 /* Project object */;
}
